
Microsoft Visual Studio Solution File, Format Version 12.00
# Visual Studio Version 16
VisualStudioVersion = 16.0.30804.86
MinimumVisualStudioVersion = 10.0.40219.1
Project("{FAE04EC0-301F-11D3-BF4B-00C04F79EFBC}") = "EmployeeAPI", "EmployeeAPI\EmployeeAPI.csproj", "{673AC80F-51DE-47CA-A3AC-4C6CC95222E7}"
EndProject
Global
	GlobalSection(SolutionConfigurationPlatforms) = preSolution
		Debug|Any CPU = Debug|Any CPU
		Release|Any CPU = Release|Any CPU
	EndGlobalSection
	GlobalSection(ProjectConfigurationPlatforms) = postSolution
		{673AC80F-51DE-47CA-A3AC-4C6CC95222E7}.Debug|Any CPU.ActiveCfg = Debug|Any CPU
		{673AC80F-51DE-47CA-A3AC-4C6CC95222E7}.Debug|Any CPU.Build.0 = Debug|Any CPU
		{673AC80F-51DE-47CA-A3AC-4C6CC95222E7}.Release|Any CPU.ActiveCfg = Release|Any CPU
		{673AC80F-51DE-47CA-A3AC-4C6CC95222E7}.Release|Any CPU.Build.0 = Release|Any CPU
	EndGlobalSection
	GlobalSection(SolutionProperties) = preSolution
		HideSolutionNode = FALSE
	EndGlobalSection
	GlobalSection(ExtensibilityGlobals) = postSolution
		SolutionGuid = {BBF1FF00-184D-4B00-A4BA-A19F1D9761AF}
	EndGlobalSection
EndGlobal
